
Microsoft Visual Studio Solution File, Format Version 12.00
# Visual Studio Version 17
VisualStudioVersion = 17.2.32526.322
MinimumVisualStudioVersion = 10.0.40219.1
Project("{FAE04EC0-301F-11D3-BF4B-00C04F79EFBC}") = "Bài thực hành số 7", "Bài thực hành số 7.csproj", "{02FE4B55-0EA4-4422-BD47-4B28BAE07F1A}"
EndProject
Global
	GlobalSection(SolutionConfigurationPlatforms) = preSolution
		Debug|Any CPU = Debug|Any CPU
		Release|Any CPU = Release|Any CPU
	EndGlobalSection
	GlobalSection(ProjectConfigurationPlatforms) = postSolution
		{02FE4B55-0EA4-4422-BD47-4B28BAE07F1A}.Debug|Any CPU.ActiveCfg = Debug|Any CPU
		{02FE4B55-0EA4-4422-BD47-4B28BAE07F1A}.Debug|Any CPU.Build.0 = Debug|Any CPU
		{02FE4B55-0EA4-4422-BD47-4B28BAE07F1A}.Release|Any CPU.ActiveCfg = Release|Any CPU
		{02FE4B55-0EA4-4422-BD47-4B28BAE07F1A}.Release|Any CPU.Build.0 = Release|Any CPU
	EndGlobalSection
	GlobalSection(SolutionProperties) = preSolution
		HideSolutionNode = FALSE
	EndGlobalSection
	GlobalSection(ExtensibilityGlobals) = postSolution
		SolutionGuid = {817F74E3-B615-410B-8138-06E628E526DF}
	EndGlobalSection
EndGlobal
